Microsoft Visual Studio Solution File, Format Version 12.00
# Visual Studio Version 17
VisualStudioVersion = 17.12.35527.113
MinimumVisualStudioVersion = 10.0.40219.1
Project("{FAE04EC0-301F-11D3-BF4B-00C04F79EFBC}") = "Chess_Daniova", "Chess_Daniova\Chess_Daniova.csproj", "{C863B4A3-5189-4333-B40A-C17E60CB490B}"
EndProject
Global
	GlobalSection(SolutionConfigurationPlatforms) = preSolution
		Debug|Any CPU = Debug|Any CPU
		Release|Any CPU = Release|Any CPU
	EndGlobalSection
	GlobalSection(ProjectConfigurationPlatforms) = postSolution
		{C863B4A3-5189-4333-B40A-C17E60CB490B}.Debug|Any CPU.ActiveCfg = Debug|Any CPU
		{C863B4A3-5189-4333-B40A-C17E60CB490B}.Debug|Any CPU.Build.0 = Debug|Any CPU
		{C863B4A3-5189-4333-B40A-C17E60CB490B}.Release|Any CPU.ActiveCfg = Release|Any CPU
		{C863B4A3-5189-4333-B40A-C17E60CB490B}.Release|Any CPU.Build.0 = Release|Any CPU
	EndGlobalSection
	GlobalSection(SolutionProperties) = preSolution
		HideSolutionNode = FALSE
	EndGlobalSection
EndGlobal
